// !$*UTF8*$!
{
	archiveVersion = 1;
	classes = {
	};
	objectVersion = 56;
	objects = {

/* Begin PBXBuildFile section */
		843690082C4D719500E62E53 /* ScoresView.swift in Sources */ = {isa = PBXBuildFile; fileRef = 843690072C4D719500E62E53 /* ScoresView.swift */; };
		8436900C2C4D71F700E62E53 /* MainView.swift in Sources */ = {isa = PBXBuildFile; fileRef = 8436900B2C4D71F700E62E53 /* MainView.swift */; };
		8436900E2C4D751000E62E53 /* ScoresViewModel.swift in Sources */ = {isa = PBXBuildFile; fileRef = 8436900D2C4D751000E62E53 /* ScoresViewModel.swift */; };
		843690102C4D751900E62E53 /* ScoresModel.swift in Sources */ = {isa = PBXBuildFile; fileRef = 8436900F2C4D751900E62E53 /* ScoresModel.swift */; };
		843F33152C4E78F9000999BA /* BoxScoreView.swift in Sources */ = {isa = PBXBuildFile; fileRef = 843F33142C4E78F9000999BA /* BoxScoreView.swift */; };
		843F33172C4E88F6000999BA /* SettingsView.swift in Sources */ = {isa = PBXBuildFile; fileRef = 843F33162C4E88F6000999BA /* SettingsView.swift */; };
		84590DFF2C4D3E12005A8FCC /* NBAStatsAppApp.swift in Sources */ = {isa = PBXBuildFile; fileRef = 84590DFE2C4D3E12005A8FCC /* NBAStatsAppApp.swift */; };
		84590E032C4D3E13005A8FCC /* Assets.xcassets in Resources */ = {isa = PBXBuildFile; fileRef = 84590E022C4D3E13005A8FCC /* Assets.xcassets */; };
		84590E062C4D3E13005A8FCC /* Preview Assets.xcassets in Resources */ = {isa = PBXBuildFile; fileRef = 84590E052C4D3E13005A8FCC /* Preview Assets.xcassets */; };
		84590E0D2C4D4ABA005A8FCC /* StandingsModel.swift in Sources */ = {isa = PBXBuildFile; fileRef = 84590E0C2C4D4ABA005A8FCC /* StandingsModel.swift */; };
		84590E0F2C4D4ACD005A8FCC /* StandingsViewModel.swift in Sources */ = {isa = PBXBuildFile; fileRef = 84590E0E2C4D4ACD005A8FCC /* StandingsViewModel.swift */; };
		84590E112C4D5463005A8FCC /* StandingRow.swift in Sources */ = {isa = PBXBuildFile; fileRef = 84590E102C4D5463005A8FCC /* StandingRow.swift */; };
		84590E132C4D5E00005A8FCC /* EasternStandings.swift in Sources */ = {isa = PBXBuildFile; fileRef = 84590E122C4D5E00005A8FCC /* EasternStandings.swift */; };
		84590E152C4D6350005A8FCC /* WesternStandings.swift in Sources */ = {isa = PBXBuildFile; fileRef = 84590E142C4D6350005A8FCC /* WesternStandings.swift */; };
		84590E1C2C4D7149005A8FCC /* StandingsView.swift in Sources */ = {isa = PBXBuildFile; fileRef = 84590E162C4D6704005A8FCC /* StandingsView.swift */; };
/* End PBXBuildFile section */

/* Begin PBXFileReference section */
		843690072C4D719500E62E53 /* ScoresView.swift */ = {isa = PBXFileReference; lastKnownFileType = sourcecode.swift; path = ScoresView.swift; sourceTree = "<group>"; };
		8436900B2C4D71F700E62E53 /* MainView.swift */ = {isa = PBXFileReference; lastKnownFileType = sourcecode.swift; path = MainView.swift; sourceTree = "<group>"; };
		8436900D2C4D751000E62E53 /* ScoresViewModel.swift */ = {isa = PBXFileReference; lastKnownFileType = sourcecode.swift; path = ScoresViewModel.swift; sourceTree = "<group>"; };
		8436900F2C4D751900E62E53 /* ScoresModel.swift */ = {isa = PBXFileReference; lastKnownFileType = sourcecode.swift; path = ScoresModel.swift; sourceTree = "<group>"; };
		843F33142C4E78F9000999BA /* BoxScoreView.swift */ = {isa = PBXFileReference; lastKnownFileType = sourcecode.swift; path = BoxScoreView.swift; sourceTree = "<group>"; };
		843F33162C4E88F6000999BA /* SettingsView.swift */ = {isa = PBXFileReference; lastKnownFileType = sourcecode.swift; path = SettingsView.swift; sourceTree = "<group>"; };
		84590DFB2C4D3E12005A8FCC /* NBAStatsApp.app */ = {isa = PBXFileReference; explicitFileType = wrapper.application; includeInIndex = 0; path = NBAStatsApp.app; sourceTree = BUILT_PRODUCTS_DIR; };
		84590DFE2C4D3E12005A8FCC /* NBAStatsAppApp.swift */ = {isa = PBXFileReference; lastKnownFileType = sourcecode.swift; path = NBAStatsAppApp.swift; sourceTree = "<group>"; };
		84590E022C4D3E13005A8FCC /* Assets.xcassets */ = {isa = PBXFileReference; lastKnownFileType = folder.assetcatalog; path = Assets.xcassets; sourceTree = "<group>"; };
		84590E052C4D3E13005A8FCC /* Preview Assets.xcassets */ = {isa = PBXFileReference; lastKnownFileType = folder.assetcatalog; path = "Preview Assets.xcassets"; sourceTree = "<group>"; };
		84590E0C2C4D4ABA005A8FCC /* StandingsModel.swift */ = {isa = PBXFileReference; lastKnownFileType = sourcecode.swift; path = StandingsModel.swift; sourceTree = "<group>"; };
		84590E0E2C4D4ACD005A8FCC /* StandingsViewModel.swift */ = {isa = PBXFileReference; lastKnownFileType = sourcecode.swift; path = StandingsViewModel.swift; sourceTree = "<group>"; };
		84590E102C4D5463005A8FCC /* StandingRow.swift */ = {isa = PBXFileReference; lastKnownFileType = sourcecode.swift; path = StandingRow.swift; sourceTree = "<group>"; };
		84590E122C4D5E00005A8FCC /* EasternStandings.swift */ = {isa = PBXFileReference; lastKnownFileType = sourcecode.swift; path = EasternStandings.swift; sourceTree = "<group>"; };
		84590E142C4D6350005A8FCC /* WesternStandings.swift */ = {isa = PBXFileReference; lastKnownFileType = sourcecode.swift; path = WesternStandings.swift; sourceTree = "<group>"; };
		84590E162C4D6704005A8FCC /* StandingsView.swift */ = {isa = PBXFileReference; lastKnownFileType = sourcecode.swift; path = StandingsView.swift; sourceTree = "<group>"; };
/* End PBXFileReference section */

/* Begin PBXFrameworksBuildPhase section */
		84590DF82C4D3E12005A8FCC /* Frameworks */ = {
			isa = PBXFrameworksBuildPhase;
			buildActionMask = 2147483647;
			files = (
			);
			runOnlyForDeploymentPostprocessing = 0;
		};
/* End PBXFrameworksBuildPhase section */

/* Begin PBXGroup section */
		84590DF22C4D3E12005A8FCC = {
			isa = PBXGroup;
			children = (
				84590DFD2C4D3E12005A8FCC /* NBAStatsApp */,
				84590DFC2C4D3E12005A8FCC /* Products */,
			);
			sourceTree = "<group>";
		};
		84590DFC2C4D3E12005A8FCC /* Products */ = {
			isa = PBXGroup;
			children = (
				84590DFB2C4D3E12005A8FCC /* NBAStatsApp.app */,
			);
			name = Products;
			sourceTree = "<group>";
		};
		84590DFD2C4D3E12005A8FCC /* NBAStatsApp */ = {
			isa = PBXGroup;
			children = (
				84590DFE2C4D3E12005A8FCC /* NBAStatsAppApp.swift */,
				84590E1B2C4D7098005A8FCC /* Model */,
				84590E1A2C4D708A005A8FCC /* ViewModel */,
				84590E182C4D7077005A8FCC /* Views */,
				84590E022C4D3E13005A8FCC /* Assets.xcassets */,
				84590E042C4D3E13005A8FCC /* Preview Content */,
			);
			path = NBAStatsApp;
			sourceTree = "<group>";
		};
		84590E042C4D3E13005A8FCC /* Preview Content */ = {
			isa = PBXGroup;
			children = (
				84590E052C4D3E13005A8FCC /* Preview Assets.xcassets */,
			);
			path = "Preview Content";
			sourceTree = "<group>";
		};
		84590E182C4D7077005A8FCC /* Views */ = {
			isa = PBXGroup;
			children = (
				84590E102C4D5463005A8FCC /* StandingRow.swift */,
				84590E122C4D5E00005A8FCC /* EasternStandings.swift */,
				84590E142C4D6350005A8FCC /* WesternStandings.swift */,
				84590E162C4D6704005A8FCC /* StandingsView.swift */,
				843690072C4D719500E62E53 /* ScoresView.swift */,
				8436900B2C4D71F700E62E53 /* MainView.swift */,
				843F33142C4E78F9000999BA /* BoxScoreView.swift */,
				843F33162C4E88F6000999BA /* SettingsView.swift */,
			);
			path = Views;
			sourceTree = "<group>";
		};
		84590E1A2C4D708A005A8FCC /* ViewModel */ = {
			isa = PBXGroup;
			children = (
				84590E0E2C4D4ACD005A8FCC /* StandingsViewModel.swift */,
				8436900D2C4D751000E62E53 /* ScoresViewModel.swift */,
			);
			path = ViewModel;
			sourceTree = "<group>";
		};
		84590E1B2C4D7098005A8FCC /* Model */ = {
			isa = PBXGroup;
			children = (
				84590E0C2C4D4ABA005A8FCC /* StandingsModel.swift */,
				8436900F2C4D751900E62E53 /* ScoresModel.swift */,
			);
			path = Model;
			sourceTree = "<group>";
		};
/* End PBXGroup section */

/* Begin PBXNativeTarget section */
		84590DFA2C4D3E12005A8FCC /* NBAStatsApp */ = {
			isa = PBXNativeTarget;
			buildConfigurationList = 84590E092C4D3E13005A8FCC /* Build configuration list for PBXNativeTarget "NBAStatsApp" */;
			buildPhases = (
				84590DF72C4D3E12005A8FCC /* Sources */,
				84590DF82C4D3E12005A8FCC /* Frameworks */,
				84590DF92C4D3E12005A8FCC /* Resources */,
			);
			buildRules = (
			);
			dependencies = (
			);
			name = NBAStatsApp;
			productName = NBAStatsApp;
			productReference = 84590DFB2C4D3E12005A8FCC /* NBAStatsApp.app */;
			productType = "com.apple.product-type.application";
		};
/* End PBXNativeTarget section */

/* Begin PBXProject section */
		84590DF32C4D3E12005A8FCC /* Project object */ = {
			isa = PBXProject;
			attributes = {
				BuildIndependentTargetsInParallel = 1;
				LastSwiftUpdateCheck = 1540;
				LastUpgradeCheck = 1540;
				TargetAttributes = {
					84590DFA2C4D3E12005A8FCC = {
						CreatedOnToolsVersion = 15.4;
					};
				};
			};
			buildConfigurationList = 84590DF62C4D3E12005A8FCC /* Build configuration list for PBXProject "NBAStatsApp" */;
			compatibilityVersion = "Xcode 14.0";
			developmentRegion = en;
			hasScannedForEncodings = 0;
			knownRegions = (
				en,
				Base,
			);
			mainGroup = 84590DF22C4D3E12005A8FCC;
			productRefGroup = 84590DFC2C4D3E12005A8FCC /* Products */;
			projectDirPath = "";
			projectRoot = "";
			targets = (
				84590DFA2C4D3E12005A8FCC /* NBAStatsApp */,
			);
		};
/* End PBXProject section */

/* Begin PBXResourcesBuildPhase section */
		84590DF92C4D3E12005A8FCC /* Resources */ = {
			isa = PBXResourcesBuildPhase;
			buildActionMask = 2147483647;
			files = (
				84590E062C4D3E13005A8FCC /* Preview Assets.xcassets in Resources */,
				84590E032C4D3E13005A8FCC /* Assets.xcassets in Resources */,
			);
			runOnlyForDeploymentPostprocessing = 0;
		};
/* End PBXResourcesBuildPhase section */

/* Begin PBXSourcesBuildPhase section */
		84590DF72C4D3E12005A8FCC /* Sources */ = {
			isa = PBXSourcesBuildPhase;
			buildActionMask = 2147483647;
			files = (
				843690102C4D751900E62E53 /* ScoresModel.swift in Sources */,
				84590E132C4D5E00005A8FCC /* EasternStandings.swift in Sources */,
				84590E112C4D5463005A8FCC /* StandingRow.swift in Sources */,
				8436900C2C4D71F700E62E53 /* MainView.swift in Sources */,
				8436900E2C4D751000E62E53 /* ScoresViewModel.swift in Sources */,
				84590E0D2C4D4ABA005A8FCC /* StandingsModel.swift in Sources */,
				843F33172C4E88F6000999BA /* SettingsView.swift in Sources */,
				84590E1C2C4D7149005A8FCC /* StandingsView.swift in Sources */,
				84590E152C4D6350005A8FCC /* WesternStandings.swift in Sources */,
				843690082C4D719500E62E53 /* ScoresView.swift in Sources */,
				84590E0F2C4D4ACD005A8FCC /* StandingsViewModel.swift in Sources */,
				843F33152C4E78F9000999BA /* BoxScoreView.swift in Sources */,
				84590DFF2C4D3E12005A8FCC /* NBAStatsAppApp.swift in Sources */,
			);
			runOnlyForDeploymentPostprocessing = 0;
		};
/* End PBXSourcesBuildPhase section */

/* Begin XCBuildConfiguration section */
		84590E072C4D3E13005A8FCC /* Debug */ = {
			isa = XCBuildConfiguration;
			buildSettings = {
				ALWAYS_SEARCH_USER_PATHS = NO;
				ASSETCATALOG_COMPILER_GENERATE_SWIFT_ASSET_SYMBOL_EXTENSIONS = YES;
				CLANG_ANALYZER_NONNULL = YES;
				CLANG_ANALYZER_NUMBER_OBJECT_CONVERSION = YES_AGGRESSIVE;
				CLANG_CXX_LANGUAGE_STANDARD = "gnu++20";
				CLANG_ENABLE_MODULES = YES;
				CLANG_ENABLE_OBJC_ARC = YES;
				CLANG_ENABLE_OBJC_WEAK = YES;
				CLANG_WARN_BLOCK_CAPTURE_AUTORELEASING = YES;
				CLANG_WARN_BOOL_CONVERSION = YES;
				CLANG_WARN_COMMA = YES;
				CLANG_WARN_CONSTANT_CONVERSION = YES;
				CLANG_WARN_DEPRECATED_OBJC_IMPLEMENTATIONS = YES;
				CLANG_WARN_DIRECT_OBJC_ISA_USAGE = YES_ERROR;
				CLANG_WARN_DOCUMENTATION_COMMENTS = YES;
				CLANG_WARN_EMPTY_BODY = YES;
				CLANG_WARN_ENUM_CONVERSION = YES;
				CLANG_WARN_INFINITE_RECURSION = YES;
				CLANG_WARN_INT_CONVERSION = YES;
				CLANG_WARN_NON_LITERAL_NULL_CONVERSION = YES;
				CLANG_WARN_OBJC_IMPLICIT_RETAIN_SELF = YES;
				CLANG_WARN_OBJC_LITERAL_CONVERSION = YES;
				CLANG_WARN_OBJC_ROOT_CLASS = YES_ERROR;
				CLANG_WARN_QUOTED_INCLUDE_IN_FRAMEWORK_HEADER = YES;
				CLANG_WARN_RANGE_LOOP_ANALYSIS = YES;
				CLANG_WARN_STRICT_PROTOTYPES = YES;
				CLANG_WARN_SUSPICIOUS_MOVE = YES;
				CLANG_WARN_UNGUARDED_AVAILABILITY = YES_AGGRESSIVE;
				CLANG_WARN_UNREACHABLE_CODE = YES;
				CLANG_WARN__DUPLICATE_METHOD_MATCH = YES;
				COPY_PHASE_STRIP = NO;
				DEBUG_INFORMATION_FORMAT = dwarf;
				ENABLE_STRICT_OBJC_MSGSEND = YES;
				ENABLE_TESTABILITY = YES;
				ENABLE_USER_SCRIPT_SANDBOXING = YES;
				GCC_C_LANGUAGE_STANDARD = gnu17;
				GCC_DYNAMIC_NO_PIC = NO;
				GCC_NO_COMMON_BLOCKS = YES;
				GCC_OPTIMIZATION_LEVEL = 0;
				GCC_PREPROCESSOR_DEFINITIONS = (
					"DEBUG=1",
					"$(inherited)",
				);
				GCC_WARN_64_TO_32_BIT_CONVERSION = YES;
				GCC_WARN_ABOUT_RETURN_TYPE = YES_ERROR;
				GCC_WARN_UNDECLARED_SELECTOR = YES;
				GCC_WARN_UNINITIALIZED_AUTOS = YES_AGGRESSIVE;
				GCC_WARN_UNUSED_FUNCTION = YES;
				GCC_WARN_UNUSED_VARIABLE = YES;
				IPHONEOS_DEPLOYMENT_TARGET = 17.5;
				LOCALIZATION_PREFERS_STRING_CATALOGS = YES;
				MTL_ENABLE_DEBUG_INFO = INCLUDE_SOURCE;
				MTL_FAST_MATH = YES;
				ONLY_ACTIVE_ARCH = YES;
				SDKROOT = iphoneos;
				SWIFT_ACTIVE_COMPILATION_CONDITIONS = "DEBUG $(inherited)";
				SWIFT_OPTIMIZATION_LEVEL = "-Onone";
			};
			name = Debug;
		};
		84590E082C4D3E13005A8FCC /* Release */ = {
			isa = XCBuildConfiguration;
			buildSettings = {
				ALWAYS_SEARCH_USER_PATHS = NO;
				ASSETCATALOG_COMPILER_GENERATE_SWIFT_ASSET_SYMBOL_EXTENSIONS = YES;
				CLANG_ANALYZER_NONNULL = YES;
				CLANG_ANALYZER_NUMBER_OBJECT_CONVERSION = YES_AGGRESSIVE;
				CLANG_CXX_LANGUAGE_STANDARD = "gnu++20";
				CLANG_ENABLE_MODULES = YES;
				CLANG_ENABLE_OBJC_ARC = YES;
				CLANG_ENABLE_OBJC_WEAK = YES;
				CLANG_WARN_BLOCK_CAPTURE_AUTORELEASING = YES;
				CLANG_WARN_BOOL_CONVERSION = YES;
				CLANG_WARN_COMMA = YES;
				CLANG_WARN_CONSTANT_CONVERSION = YES;
				CLANG_WARN_DEPRECATED_OBJC_IMPLEMENTATIONS = YES;
				CLANG_WARN_DIRECT_OBJC_ISA_USAGE = YES_ERROR;
				CLANG_WARN_DOCUMENTATION_COMMENTS = YES;
				CLANG_WARN_EMPTY_BODY = YES;
				CLANG_WARN_ENUM_CONVERSION = YES;
				CLANG_WARN_INFINITE_RECURSION = YES;
				CLANG_WARN_INT_CONVERSION = YES;
				CLANG_WARN_NON_LITERAL_NULL_CONVERSION = YES;
				CLANG_WARN_OBJC_IMPLICIT_RETAIN_SELF = YES;
				CLANG_WARN_OBJC_LITERAL_CONVERSION = YES;
				CLANG_WARN_OBJC_ROOT_CLASS = YES_ERROR;
				CLANG_WARN_QUOTED_INCLUDE_IN_FRAMEWORK_HEADER = YES;
				CLANG_WARN_RANGE_LOOP_ANALYSIS = YES;
				CLANG_WARN_STRICT_PROTOTYPES = YES;
				CLANG_WARN_SUSPICIOUS_MOVE = YES;
				CLANG_WARN_UNGUARDED_AVAILABILITY = YES_AGGRESSIVE;
				CLANG_WARN_UNREACHABLE_CODE = YES;
				CLANG_WARN__DUPLICATE_METHOD_MATCH = YES;
				COPY_PHASE_STRIP = NO;
				DEBUG_INFORMATION_FORMAT = "dwarf-with-dsym";
				ENABLE_NS_ASSERTIONS = NO;
				ENABLE_STRICT_OBJC_MSGSEND = YES;
				ENABLE_USER_SCRIPT_SANDBOXING = YES;
				GCC_C_LANGUAGE_STANDARD = gnu17;
				GCC_NO_COMMON_BLOCKS = YES;
				GCC_WARN_64_TO_32_BIT_CONVERSION = YES;
				GCC_WARN_ABOUT_RETURN_TYPE = YES_ERROR;
				GCC_WARN_UNDECLARED_SELECTOR = YES;
				GCC_WARN_UNINITIALIZED_AUTOS = YES_AGGRESSIVE;
				GCC_WARN_UNUSED_FUNCTION = YES;
				GCC_WARN_UNUSED_VARIABLE = YES;
				IPHONEOS_DEPLOYMENT_TARGET = 17.5;
				LOCALIZATION_PREFERS_STRING_CATALOGS = YES;
				MTL_ENABLE_DEBUG_INFO = NO;
				MTL_FAST_MATH = YES;
				SDKROOT = iphoneos;
				SWIFT_COMPILATION_MODE = wholemodule;
				VALIDATE_PRODUCT = YES;
			};
			name = Release;
		};
		84590E0A2C4D3E13005A8FCC /* Debug */ = {
			isa = XCBuildConfiguration;
			buildSettings = {
				ASSETCATALOG_COMPILER_APPICON_NAME = AppIcon;
				ASSETCATALOG_COMPILER_GLOBAL_ACCENT_COLOR_NAME = AccentColor;
				CODE_SIGN_STYLE = Automatic;
				CURRENT_PROJECT_VERSION = 1;
				DEVELOPMENT_ASSET_PATHS = "\"NBAStatsApp/Preview Content\"";
				DEVELOPMENT_TEAM = ZQ7FA3QJBQ;
				ENABLE_PREVIEWS = YES;
				GENERATE_INFOPLIST_FILE = YES;
				INFOPLIST_KEY_UIApplicationSceneManifest_Generation = YES;
				INFOPLIST_KEY_UIApplicationSupportsIndirectInputEvents = YES;
				INFOPLIST_KEY_UILaunchScreen_Generation = YES;
				INFOPLIST_KEY_UISupportedInterfaceOrientations_iPad = "UIInterfaceOrientationPortrait UIInterfaceOrientationPortraitUpsideDown UIInterfaceOrientationLandscapeLeft UIInterfaceOrientationLandscapeRight";
				INFOPLIST_KEY_UISupportedInterfaceOrientations_iPhone = "UIInterfaceOrientationPortrait UIInterfaceOrientationLandscapeLeft UIInterfaceOrientationLandscapeRight";
				LD_RUNPATH_SEARCH_PATHS = (
					"$(inherited)",
					"@executable_path/Frameworks",
				);
				MARKETING_VERSION = 1.0;
				PRODUCT_BUNDLE_IDENTIFIER = com.mateuszkrowczynski.NBAStatsApp;
				PRODUCT_NAME = "$(TARGET_NAME)";
				SWIFT_EMIT_LOC_STRINGS = YES;
				SWIFT_VERSION = 5.0;
				TARGETED_DEVICE_FAMILY = "1,2";
			};
			name = Debug;
		};
		84590E0B2C4D3E13005A8FCC /* Release */ = {
			isa = XCBuildConfiguration;
			buildSettings = {
				ASSETCATALOG_COMPILER_APPICON_NAME = AppIcon;
				ASSETCATALOG_COMPILER_GLOBAL_ACCENT_COLOR_NAME = AccentColor;
				CODE_SIGN_STYLE = Automatic;
				CURRENT_PROJECT_VERSION = 1;
				DEVELOPMENT_ASSET_PATHS = "\"NBAStatsApp/Preview Content\"";
				DEVELOPMENT_TEAM = ZQ7FA3QJBQ;
				ENABLE_PREVIEWS = YES;
				GENERATE_INFOPLIST_FILE = YES;
				INFOPLIST_KEY_UIApplicationSceneManifest_Generation = YES;
				INFOPLIST_KEY_UIApplicationSupportsIndirectInputEvents = YES;
				INFOPLIST_KEY_UILaunchScreen_Generation = YES;
				INFOPLIST_KEY_UISupportedInterfaceOrientations_iPad = "UIInterfaceOrientationPortrait UIInterfaceOrientationPortraitUpsideDown UIInterfaceOrientationLandscapeLeft UIInterfaceOrientationLandscapeRight";
				INFOPLIST_KEY_UISupportedInterfaceOrientations_iPhone = "UIInterfaceOrientationPortrait UIInterfaceOrientationLandscapeLeft UIInterfaceOrientationLandscapeRight";
				LD_RUNPATH_SEARCH_PATHS = (
					"$(inherited)",
					"@executable_path/Frameworks",
				);
				MARKETING_VERSION = 1.0;
				PRODUCT_BUNDLE_IDENTIFIER = com.mateuszkrowczynski.NBAStatsApp;
				PRODUCT_NAME = "$(TARGET_NAME)";
				SWIFT_EMIT_LOC_STRINGS = YES;
				SWIFT_VERSION = 5.0;
				TARGETED_DEVICE_FAMILY = "1,2";
			};
			name = Release;
		};
/* End XCBuildConfiguration section */

/* Begin XCConfigurationList section */
		84590DF62C4D3E12005A8FCC /* Build configuration list for PBXProject "NBAStatsApp" */ = {
			isa = XCConfigurationList;
			buildConfigurations = (
				84590E072C4D3E13005A8FCC /* Debug */,
				84590E082C4D3E13005A8FCC /* Release */,
			);
			defaultConfigurationIsVisible = 0;
			defaultConfigurationName = Release;
		};
		84590E092C4D3E13005A8FCC /* Build configuration list for PBXNativeTarget "NBAStatsApp" */ = {
			isa = XCConfigurationList;
			buildConfigurations = (
				84590E0A2C4D3E13005A8FCC /* Debug */,
				84590E0B2C4D3E13005A8FCC /* Release */,
			);
			defaultConfigurationIsVisible = 0;
			defaultConfigurationName = Release;
		};
/* End XCConfigurationList section */
	};
	rootObject = 84590DF32C4D3E12005A8FCC /* Project object */;
}
